Microsoft Visual Studio Solution File, Format Version 12.00
# Visual Studio Version 17
VisualStudioVersion = 17.5.2.0
MinimumVisualStudioVersion = 10.0.40219.1
Project("{2150E333-8FDC-42A3-9474-1A3956D46DE8}") = "GGJ26", "GGJ26", "{C7792615-C636-E98F-FAFA-EABE5B836470}"
EndProject
Project("{FAE04EC0-301F-11D3-BF4B-00C04F79EFBC}") = "Assembly-CSharp-Editor", "GGJ26\Assembly-CSharp-Editor.csproj", "{02984CCD-0F4D-A586-B9D3-BC64F683E314}"
EndProject
Project("{FAE04EC0-301F-11D3-BF4B-00C04F79EFBC}") = "Assembly-CSharp-firstpass", "GGJ26\Assembly-CSharp-firstpass.csproj", "{1DA92AFD-C8CC-016C-4F28-D0BE0F4D9A7B}"
EndProject
Project("{FAE04EC0-301F-11D3-BF4B-00C04F79EFBC}") = "Assembly-CSharp", "GGJ26\Assembly-CSharp.csproj", "{65C6B0AF-F828-787F-5408-AA6BF650A82E}"
EndProject
Project("{FAE04EC0-301F-11D3-BF4B-00C04F79EFBC}") = "Cinemachine", "GGJ26\Cinemachine.csproj", "{0355D5E4-D8C6-87E5-9D01-8E57783CDEBC}"
EndProject
Project("{FAE04EC0-301F-11D3-BF4B-00C04F79EFBC}") = "com.unity.cinemachine.editor", "GGJ26\com.unity.cinemachine.editor.csproj", "{226E75B1-1D94-B3A4-C28D-1FC01FDE900C}"
EndProject
Project("{FAE04EC0-301F-11D3-BF4B-00C04F79EFBC}") = "Febucci.Attributes.Editor", "GGJ26\Febucci.Attributes.Editor.csproj", "{96AEF22F-269C-1A7C-16C6-5C4CD98F0445}"
EndProject
Project("{FAE04EC0-301F-11D3-BF4B-00C04F79EFBC}") = "Febucci.Attributes.Runtime", "GGJ26\Febucci.Attributes.Runtime.csproj", "{BD79DAD0-3ECF-05EC-0782-68AE409B9039}"
EndProject
Project("{FAE04EC0-301F-11D3-BF4B-00C04F79EFBC}") = "Febucci.TextAnimator.Demo.Runtime", "GGJ26\Febucci.TextAnimator.Demo.Runtime.csproj", "{5E7F04E0-E620-84BE-1438-17C7A02C256C}"
EndProject
Project("{FAE04EC0-301F-11D3-BF4B-00C04F79EFBC}") = "Febucci.TextAnimator.Editor", "GGJ26\Febucci.TextAnimator.Editor.csproj", "{04E06FE8-8BCD-656C-EBCE-0168D7FDEDF9}"
EndProject
Project("{FAE04EC0-301F-11D3-BF4B-00C04F79EFBC}") = "Febucci.TextAnimator.Runtime", "GGJ26\Febucci.TextAnimator.Runtime.csproj", "{0E9FD34D-3F11-BF29-AA4A-7E89CA467EB2}"
EndProject
Project("{FAE04EC0-301F-11D3-BF4B-00C04F79EFBC}") = "Febucci.TextAnimator.TMP.Runtime", "GGJ26\Febucci.TextAnimator.TMP.Runtime.csproj", "{C87D1530-C030-C0A4-C1B4-DFBA23DFCBAD}"
EndProject
Project("{FAE04EC0-301F-11D3-BF4B-00C04F79EFBC}") = "Fusion.Unity", "GGJ26\Fusion.Unity.csproj", "{15188C7F-BE93-92C6-53B7-2A89F1EC6068}"
EndProject
Project("{FAE04EC0-301F-11D3-BF4B-00C04F79EFBC}") = "Fusion.Unity.Editor", "GGJ26\Fusion.Unity.Editor.csproj", "{B4329446-236B-F41C-BFBA-3A9EF00BE682}"
EndProject
Project("{FAE04EC0-301F-11D3-BF4B-00C04F79EFBC}") = "MCPForUnity.Editor", "GGJ26\MCPForUnity.Editor.csproj", "{E9167323-2FC1-6271-8CED-0509A25B5511}"
EndProject
Project("{FAE04EC0-301F-11D3-BF4B-00C04F79EFBC}") = "MCPForUnity.Runtime", "GGJ26\MCPForUnity.Runtime.csproj", "{3AEF7099-0AAF-7BCC-C085-83DD9D4D3DF5}"
EndProject
Project("{FAE04EC0-301F-11D3-BF4B-00C04F79EFBC}") = "MultiPlay.Editor", "GGJ26\MultiPlay.Editor.csproj", "{746CFF49-24D5-3B44-99F3-510128E6F3C4}"
EndProject
Project("{FAE04EC0-301F-11D3-BF4B-00C04F79EFBC}") = "PS.Networking", "GGJ26\PS.Networking.csproj", "{A7DF2629-FE9E-BF66-54CA-A328059ED3FF}"
EndProject
Project("{FAE04EC0-301F-11D3-BF4B-00C04F79EFBC}") = "Unity.AI.Navigation", "GGJ26\Unity.AI.Navigation.csproj", "{D878BB9F-B1DB-B5C0-A004-2801BCC02B05}"
EndProject
Project("{FAE04EC0-301F-11D3-BF4B-00C04F79EFBC}") = "Unity.AI.Navigation.Editor.ConversionSystem", "GGJ26\Unity.AI.Navigation.Editor.ConversionSystem.csproj", "{117AF553-6A7F-74C9-4E01-AEE22EBB59DB}"
EndProject
Project("{FAE04EC0-301F-11D3-BF4B-00C04F79EFBC}") = "Unity.AI.Navigation.Editor", "GGJ26\Unity.AI.Navigation.Editor.csproj", "{2692E389-9A46-FB4F-605C-3B73DD8EF360}"
EndProject
Project("{FAE04EC0-301F-11D3-BF4B-00C04F79EFBC}") = "Unity.AI.Navigation.Updater", "GGJ26\Unity.AI.Navigation.Updater.csproj", "{E06AECFE-D1B7-B4D2-393B-8006DA174ACD}"
EndProject
Project("{FAE04EC0-301F-11D3-BF4B-00C04F79EFBC}") = "Unity.Burst.CodeGen", "GGJ26\Unity.Burst.CodeGen.csproj", "{DB50F3BF-DC0B-1336-462C-55AA69F714B4}"
EndProject
Project("{FAE04EC0-301F-11D3-BF4B-00C04F79EFBC}") = "Unity.Burst", "GGJ26\Unity.Burst.csproj", "{61744151-3771-9EDF-FCB3-C8507604625E}"
EndProject
Project("{FAE04EC0-301F-11D3-BF4B-00C04F79EFBC}") = "Unity.Burst.Editor", "GGJ26\Unity.Burst.Editor.csproj", "{72ADFCFE-0253-1300-3CDA-5B9492F7FD1B}"
EndProject
Project("{FAE04EC0-301F-11D3-BF4B-00C04F79EFBC}") = "Unity.CollabProxy.Editor", "GGJ26\Unity.CollabProxy.Editor.csproj", "{FF5A405A-BCA3-F061-CAA5-41F1F90FA343}"
EndProject
Project("{FAE04EC0-301F-11D3-BF4B-00C04F79EFBC}") = "Unity.Collections.CodeGen", "GGJ26\Unity.Collections.CodeGen.csproj", "{A7A6ACC2-A13D-BC27-1CA4-9D7C3CD746A2}"
EndProject
Project("{FAE04EC0-301F-11D3-BF4B-00C04F79EFBC}") = "Unity.Collections", "GGJ26\Unity.Collections.csproj", "{28421B9A-0180-C3EB-915C-59631555C3B9}"
EndProject
Project("{FAE04EC0-301F-11D3-BF4B-00C04F79EFBC}") = "Unity.Collections.Editor", "GGJ26\Unity.Collections.Editor.csproj", "{1F619268-A80F-3493-4067-21D077D690FD}"
EndProject
Project("{FAE04EC0-301F-11D3-BF4B-00C04F79EFBC}") = "Unity.Fusion.CodeGen", "GGJ26\Unity.Fusion.CodeGen.csproj", "{15ADFCF2-639A-01F1-A612-418B27447C68}"
EndProject
Project("{FAE04EC0-301F-11D3-BF4B-00C04F79EFBC}") = "Unity.InputSystem", "GGJ26\Unity.InputSystem.csproj", "{5145DC89-E602-6D33-D8C9-89D838DCA5AA}"
EndProject
Project("{FAE04EC0-301F-11D3-BF4B-00C04F79EFBC}") = "Unity.InputSystem.DocCodeSamples", "GGJ26\Unity.InputSystem.DocCodeSamples.csproj", "{1488DF9D-DEC2-D055-1D0D-0F68BDD849C4}"
EndProject
Project("{FAE04EC0-301F-11D3-BF4B-00C04F79EFBC}") = "Unity.InputSystem.ForUI", "GGJ26\Unity.InputSystem.ForUI.csproj", "{96EB6541-B14F-1374-0828-EA18EDDDB197}"
EndProject
Project("{FAE04EC0-301F-11D3-BF4B-00C04F79EFBC}") = "Unity.InputSystem.TestFramework", "GGJ26\Unity.InputSystem.TestFramework.csproj", "{206A0FB1-0F25-793F-EFC5-6FA98368068E}"
EndProject
Project("{FAE04EC0-301F-11D3-BF4B-00C04F79EFBC}") = "Unity.Mathematics", "GGJ26\Unity.Mathematics.csproj", "{2E9EE28F-3AAC-7B39-BBD8-21418378E0F5}"
EndProject
Project("{FAE04EC0-301F-11D3-BF4B-00C04F79EFBC}") = "Unity.Mathematics.Editor", "GGJ26\Unity.Mathematics.Editor.csproj", "{781BDB66-0B96-B4DE-F08E-C7F8EED3097A}"
EndProject
Project("{FAE04EC0-301F-11D3-BF4B-00C04F79EFBC}") = "Unity.PackageValidationSuite.Editor", "GGJ26\Unity.PackageValidationSuite.Editor.csproj", "{2426AD59-701E-09E9-FA2B-4324CA25859A}"
EndProject
Project("{FAE04EC0-301F-11D3-BF4B-00C04F79EFBC}") = "Unity.PackageValidationSuite.Editor.Extension", "GGJ26\Unity.PackageValidationSuite.Editor.Extension.csproj", "{D3B4BC73-3621-F3CB-9987-3B4EC3113EBD}"
EndProject
Project("{FAE04EC0-301F-11D3-BF4B-00C04F79EFBC}") = "Unity.PerformanceTesting", "GGJ26\Unity.PerformanceTesting.csproj", "{86B4961B-45C2-8E42-A89C-B24FE4FD65D0}"
EndProject
Project("{FAE04EC0-301F-11D3-BF4B-00C04F79EFBC}") = "Unity.PerformanceTesting.Editor", "GGJ26\Unity.PerformanceTesting.Editor.csproj", "{680C8ABE-BB3A-8D1D-F344-269012A0F9D1}"
EndProject
Project("{FAE04EC0-301F-11D3-BF4B-00C04F79EFBC}") = "Unity.PlasticSCM.Editor", "GGJ26\Unity.PlasticSCM.Editor.csproj", "{B35F2504-68BE-D559-0A7F-5AD2720E38E8}"
EndProject
Project("{FAE04EC0-301F-11D3-BF4B-00C04F79EFBC}") = "Unity.PlasticSCM.Editor.Entities", "GGJ26\Unity.PlasticSCM.Editor.Entities.csproj", "{4FD1ABEA-A454-78F8-798D-C89A86032D9A}"
EndProject
Project("{FAE04EC0-301F-11D3-BF4B-00C04F79EFBC}") = "Unity.Rider.Editor", "GGJ26\Unity.Rider.Editor.csproj", "{51CCD26E-AC8B-05D3-4776-31CC25B36D24}"
EndProject
Project("{FAE04EC0-301F-11D3-BF4B-00C04F79EFBC}") = "Unity.Searcher.Editor", "GGJ26\Unity.Searcher.Editor.csproj", "{894AD0F2-3235-D055-869B-C700CE9CBE3A}"
EndProject
Project("{FAE04EC0-301F-11D3-BF4B-00C04F79EFBC}") = "Unity.Timeline", "GGJ26\Unity.Timeline.csproj", "{E71FE95B-5F2D-823E-17A2-FFF0331B1F1C}"
EndProject
Project("{FAE04EC0-301F-11D3-BF4B-00C04F79EFBC}") = "Unity.Timeline.Editor", "GGJ26\Unity.Timeline.Editor.csproj", "{C81AFAC1-3F88-A8DE-3D61-0E5BBAF44DD2}"
EndProject
Project("{FAE04EC0-301F-11D3-BF4B-00C04F79EFBC}") = "Unity.VisualScripting.Core", "GGJ26\Unity.VisualScripting.Core.csproj", "{66ADFAC4-E3F2-509D-0FE3-500388C0B6F3}"
EndProject
Project("{FAE04EC0-301F-11D3-BF4B-00C04F79EFBC}") = "Unity.VisualScripting.Core.Editor", "GGJ26\Unity.VisualScripting.Core.Editor.csproj", "{D9694DD0-D6B1-5D7B-1EE8-CFED7E1D4691}"
EndProject
Project("{FAE04EC0-301F-11D3-BF4B-00C04F79EFBC}") = "Unity.VisualScripting.DocCodeExamples", "GGJ26\Unity.VisualScripting.DocCodeExamples.csproj", "{3C8D0BA0-7AE9-1897-C7B0-65A429A43412}"
EndProject
Project("{FAE04EC0-301F-11D3-BF4B-00C04F79EFBC}") = "Unity.VisualScripting.Flow", "GGJ26\Unity.VisualScripting.Flow.csproj", "{79E110F9-96F0-D680-8A03-C04FEA763136}"
EndProject
Project("{FAE04EC0-301F-11D3-BF4B-00C04F79EFBC}") = "Unity.VisualScripting.Flow.Editor", "GGJ26\Unity.VisualScripting.Flow.Editor.csproj", "{8505A471-7E0D-8E6F-5CA3-2B226C47DDFA}"
EndProject
Project("{FAE04EC0-301F-11D3-BF4B-00C04F79EFBC}") = "Unity.VisualScripting.SettingsProvider.Editor", "GGJ26\Unity.VisualScripting.SettingsProvider.Editor.csproj", "{629740B1-3291-5F14-42F8-A360CB4F41DD}"
EndProject
Project("{FAE04EC0-301F-11D3-BF4B-00C04F79EFBC}") = "Unity.VisualScripting.Shared.Editor", "GGJ26\Unity.VisualScripting.Shared.Editor.csproj", "{47D013E5-2168-6F57-EE98-7B52E2DA3DF5}"
EndProject
Project("{FAE04EC0-301F-11D3-BF4B-00C04F79EFBC}") = "Unity.VisualScripting.State", "GGJ26\Unity.VisualScripting.State.csproj", "{50E0A505-71A6-5282-A408-052A4E166DC0}"
EndProject
Project("{FAE04EC0-301F-11D3-BF4B-00C04F79EFBC}") = "Unity.VisualScripting.State.Editor", "GGJ26\Unity.VisualScripting.State.Editor.csproj", "{D8A1D932-A506-96D9-37B6-6A44B919E01B}"
EndProject
Project("{FAE04EC0-301F-11D3-BF4B-00C04F79EFBC}") = "Unity.VisualStudio.Editor", "GGJ26\Unity.VisualStudio.Editor.csproj", "{4FB20D73-8CCB-DC8F-1F39-B26B6A48CDC0}"
EndProject
Project("{FAE04EC0-301F-11D3-BF4B-00C04F79EFBC}") = "VHierarchy", "GGJ26\VHierarchy.csproj", "{43A29C1B-5133-5987-15B3-A5BD8C9586C8}"
EndProject
Project("{FAE04EC0-301F-11D3-BF4B-00C04F79EFBC}") = "Wingman", "GGJ26\Wingman.csproj", "{C6A7E404-1E82-061E-52F3-044905314EEA}"
EndProject
Global
	GlobalSection(SolutionConfigurationPlatforms) = preSolution
		Debug|Any CPU = Debug|Any CPU
		Release|Any CPU = Release|Any CPU
	EndGlobalSection
	GlobalSection(ProjectConfigurationPlatforms) = postSolution
		{02984CCD-0F4D-A586-B9D3-BC64F683E314}.Debug|Any CPU.ActiveCfg = Debug|Any CPU
		{02984CCD-0F4D-A586-B9D3-BC64F683E314}.Debug|Any CPU.Build.0 = Debug|Any CPU
		{02984CCD-0F4D-A586-B9D3-BC64F683E314}.Release|Any CPU.ActiveCfg = Release|Any CPU
		{02984CCD-0F4D-A586-B9D3-BC64F683E314}.Release|Any CPU.Build.0 = Release|Any CPU
		{1DA92AFD-C8CC-016C-4F28-D0BE0F4D9A7B}.Debug|Any CPU.ActiveCfg = Debug|Any CPU
		{1DA92AFD-C8CC-016C-4F28-D0BE0F4D9A7B}.Debug|Any CPU.Build.0 = Debug|Any CPU
		{1DA92AFD-C8CC-016C-4F28-D0BE0F4D9A7B}.Release|Any CPU.ActiveCfg = Release|Any CPU
		{1DA92AFD-C8CC-016C-4F28-D0BE0F4D9A7B}.Release|Any CPU.Build.0 = Release|Any CPU
		{65C6B0AF-F828-787F-5408-AA6BF650A82E}.Debug|Any CPU.ActiveCfg = Debug|Any CPU
		{65C6B0AF-F828-787F-5408-AA6BF650A82E}.Debug|Any CPU.Build.0 = Debug|Any CPU
		{65C6B0AF-F828-787F-5408-AA6BF650A82E}.Release|Any CPU.ActiveCfg = Release|Any CPU
		{65C6B0AF-F828-787F-5408-AA6BF650A82E}.Release|Any CPU.Build.0 = Release|Any CPU
		{0355D5E4-D8C6-87E5-9D01-8E57783CDEBC}.Debug|Any CPU.ActiveCfg = Debug|Any CPU
		{0355D5E4-D8C6-87E5-9D01-8E57783CDEBC}.Debug|Any CPU.Build.0 = Debug|Any CPU
		{0355D5E4-D8C6-87E5-9D01-8E57783CDEBC}.Release|Any CPU.ActiveCfg = Release|Any CPU
		{0355D5E4-D8C6-87E5-9D01-8E57783CDEBC}.Release|Any CPU.Build.0 = Release|Any CPU
		{226E75B1-1D94-B3A4-C28D-1FC01FDE900C}.Debug|Any CPU.ActiveCfg = Debug|Any CPU
		{226E75B1-1D94-B3A4-C28D-1FC01FDE900C}.Debug|Any CPU.Build.0 = Debug|Any CPU
		{226E75B1-1D94-B3A4-C28D-1FC01FDE900C}.Release|Any CPU.ActiveCfg = Release|Any CPU
		{226E75B1-1D94-B3A4-C28D-1FC01FDE900C}.Release|Any CPU.Build.0 = Release|Any CPU
		{96AEF22F-269C-1A7C-16C6-5C4CD98F0445}.Debug|Any CPU.ActiveCfg = Debug|Any CPU
		{96AEF22F-269C-1A7C-16C6-5C4CD98F0445}.Debug|Any CPU.Build.0 = Debug|Any CPU
		{96AEF22F-269C-1A7C-16C6-5C4CD98F0445}.Release|Any CPU.ActiveCfg = Release|Any CPU
		{96AEF22F-269C-1A7C-16C6-5C4CD98F0445}.Release|Any CPU.Build.0 = Release|Any CPU
		{BD79DAD0-3ECF-05EC-0782-68AE409B9039}.Debug|Any CPU.ActiveCfg = Debug|Any CPU
		{BD79DAD0-3ECF-05EC-0782-68AE409B9039}.Debug|Any CPU.Build.0 = Debug|Any CPU
		{BD79DAD0-3ECF-05EC-0782-68AE409B9039}.Release|Any CPU.ActiveCfg = Release|Any CPU
		{BD79DAD0-3ECF-05EC-0782-68AE409B9039}.Release|Any CPU.Build.0 = Release|Any CPU
		{5E7F04E0-E620-84BE-1438-17C7A02C256C}.Debug|Any CPU.ActiveCfg = Debug|Any CPU
		{5E7F04E0-E620-84BE-1438-17C7A02C256C}.Debug|Any CPU.Build.0 = Debug|Any CPU
		{5E7F04E0-E620-84BE-1438-17C7A02C256C}.Release|Any CPU.ActiveCfg = Release|Any CPU
		{5E7F04E0-E620-84BE-1438-17C7A02C256C}.Release|Any CPU.Build.0 = Release|Any CPU
		{04E06FE8-8BCD-656C-EBCE-0168D7FDEDF9}.Debug|Any CPU.ActiveCfg = Debug|Any CPU
		{04E06FE8-8BCD-656C-EBCE-0168D7FDEDF9}.Debug|Any CPU.Build.0 = Debug|Any CPU
		{04E06FE8-8BCD-656C-EBCE-0168D7FDEDF9}.Release|Any CPU.ActiveCfg = Release|Any CPU
		{04E06FE8-8BCD-656C-EBCE-0168D7FDEDF9}.Release|Any CPU.Build.0 = Release|Any CPU
		{0E9FD34D-3F11-BF29-AA4A-7E89CA467EB2}.Debug|Any CPU.ActiveCfg = Debug|Any CPU
		{0E9FD34D-3F11-BF29-AA4A-7E89CA467EB2}.Debug|Any CPU.Build.0 = Debug|Any CPU
		{0E9FD34D-3F11-BF29-AA4A-7E89CA467EB2}.Release|Any CPU.ActiveCfg = Release|Any CPU
		{0E9FD34D-3F11-BF29-AA4A-7E89CA467EB2}.Release|Any CPU.Build.0 = Release|Any CPU
		{C87D1530-C030-C0A4-C1B4-DFBA23DFCBAD}.Debug|Any CPU.ActiveCfg = Debug|Any CPU
		{C87D1530-C030-C0A4-C1B4-DFBA23DFCBAD}.Debug|Any CPU.Build.0 = Debug|Any CPU
		{C87D1530-C030-C0A4-C1B4-DFBA23DFCBAD}.Release|Any CPU.ActiveCfg = Release|Any CPU
		{C87D1530-C030-C0A4-C1B4-DFBA23DFCBAD}.Release|Any CPU.Build.0 = Release|Any CPU
		{15188C7F-BE93-92C6-53B7-2A89F1EC6068}.Debug|Any CPU.ActiveCfg = Debug|Any CPU
		{15188C7F-BE93-92C6-53B7-2A89F1EC6068}.Debug|Any CPU.Build.0 = Debug|Any CPU
		{15188C7F-BE93-92C6-53B7-2A89F1EC6068}.Release|Any CPU.ActiveCfg = Release|Any CPU
		{15188C7F-BE93-92C6-53B7-2A89F1EC6068}.Release|Any CPU.Build.0 = Release|Any CPU
		{B4329446-236B-F41C-BFBA-3A9EF00BE682}.Debug|Any CPU.ActiveCfg = Debug|Any CPU
		{B4329446-236B-F41C-BFBA-3A9EF00BE682}.Debug|Any CPU.Build.0 = Debug|Any CPU
		{B4329446-236B-F41C-BFBA-3A9EF00BE682}.Release|Any CPU.ActiveCfg = Release|Any CPU
		{B4329446-236B-F41C-BFBA-3A9EF00BE682}.Release|Any CPU.Build.0 = Release|Any CPU
		{E9167323-2FC1-6271-8CED-0509A25B5511}.Debug|Any CPU.ActiveCfg = Debug|Any CPU
		{E9167323-2FC1-6271-8CED-0509A25B5511}.Debug|Any CPU.Build.0 = Debug|Any CPU
		{E9167323-2FC1-6271-8CED-0509A25B5511}.Release|Any CPU.ActiveCfg = Release|Any CPU
		{E9167323-2FC1-6271-8CED-0509A25B5511}.Release|Any CPU.Build.0 = Release|Any CPU
		{3AEF7099-0AAF-7BCC-C085-83DD9D4D3DF5}.Debug|Any CPU.ActiveCfg = Debug|Any CPU
		{3AEF7099-0AAF-7BCC-C085-83DD9D4D3DF5}.Debug|Any CPU.Build.0 = Debug|Any CPU
		{3AEF7099-0AAF-7BCC-C085-83DD9D4D3DF5}.Release|Any CPU.ActiveCfg = Release|Any CPU
		{3AEF7099-0AAF-7BCC-C085-83DD9D4D3DF5}.Release|Any CPU.Build.0 = Release|Any CPU
		{746CFF49-24D5-3B44-99F3-510128E6F3C4}.Debug|Any CPU.ActiveCfg = Debug|Any CPU
		{746CFF49-24D5-3B44-99F3-510128E6F3C4}.Debug|Any CPU.Build.0 = Debug|Any CPU
		{746CFF49-24D5-3B44-99F3-510128E6F3C4}.Release|Any CPU.ActiveCfg = Release|Any CPU
		{746CFF49-24D5-3B44-99F3-510128E6F3C4}.Release|Any CPU.Build.0 = Release|Any CPU
		{A7DF2629-FE9E-BF66-54CA-A328059ED3FF}.Debug|Any CPU.ActiveCfg = Debug|Any CPU
		{A7DF2629-FE9E-BF66-54CA-A328059ED3FF}.Debug|Any CPU.Build.0 = Debug|Any CPU
		{A7DF2629-FE9E-BF66-54CA-A328059ED3FF}.Release|Any CPU.ActiveCfg = Release|Any CPU
		{A7DF2629-FE9E-BF66-54CA-A328059ED3FF}.Release|Any CPU.Build.0 = Release|Any CPU
		{D878BB9F-B1DB-B5C0-A004-2801BCC02B05}.Debug|Any CPU.ActiveCfg = Debug|Any CPU
		{D878BB9F-B1DB-B5C0-A004-2801BCC02B05}.Debug|Any CPU.Build.0 = Debug|Any CPU
		{D878BB9F-B1DB-B5C0-A004-2801BCC02B05}.Release|Any CPU.ActiveCfg = Release|Any CPU
		{D878BB9F-B1DB-B5C0-A004-2801BCC02B05}.Release|Any CPU.Build.0 = Release|Any CPU
		{117AF553-6A7F-74C9-4E01-AEE22EBB59DB}.Debug|Any CPU.ActiveCfg = Debug|Any CPU
		{117AF553-6A7F-74C9-4E01-AEE22EBB59DB}.Debug|Any CPU.Build.0 = Debug|Any CPU
		{117AF553-6A7F-74C9-4E01-AEE22EBB59DB}.Release|Any CPU.ActiveCfg = Release|Any CPU
		{117AF553-6A7F-74C9-4E01-AEE22EBB59DB}.Release|Any CPU.Build.0 = Release|Any CPU
		{2692E389-9A46-FB4F-605C-3B73DD8EF360}.Debug|Any CPU.ActiveCfg = Debug|Any CPU
		{2692E389-9A46-FB4F-605C-3B73DD8EF360}.Debug|Any CPU.Build.0 = Debug|Any CPU
		{2692E389-9A46-FB4F-605C-3B73DD8EF360}.Release|Any CPU.ActiveCfg = Release|Any CPU
		{2692E389-9A46-FB4F-605C-3B73DD8EF360}.Release|Any CPU.Build.0 = Release|Any CPU
		{E06AECFE-D1B7-B4D2-393B-8006DA174ACD}.Debug|Any CPU.ActiveCfg = Debug|Any CPU
		{E06AECFE-D1B7-B4D2-393B-8006DA174ACD}.Debug|Any CPU.Build.0 = Debug|Any CPU
		{E06AECFE-D1B7-B4D2-393B-8006DA174ACD}.Release|Any CPU.ActiveCfg = Release|Any CPU
		{E06AECFE-D1B7-B4D2-393B-8006DA174ACD}.Release|Any CPU.Build.0 = Release|Any CPU
		{DB50F3BF-DC0B-1336-462C-55AA69F714B4}.Debug|Any CPU.ActiveCfg = Debug|Any CPU
		{DB50F3BF-DC0B-1336-462C-55AA69F714B4}.Debug|Any CPU.Build.0 = Debug|Any CPU
		{DB50F3BF-DC0B-1336-462C-55AA69F714B4}.Release|Any CPU.ActiveCfg = Release|Any CPU
		{DB50F3BF-DC0B-1336-462C-55AA69F714B4}.Release|Any CPU.Build.0 = Release|Any CPU
		{61744151-3771-9EDF-FCB3-C8507604625E}.Debug|Any CPU.ActiveCfg = Debug|Any CPU
		{61744151-3771-9EDF-FCB3-C8507604625E}.Debug|Any CPU.Build.0 = Debug|Any CPU
		{61744151-3771-9EDF-FCB3-C8507604625E}.Release|Any CPU.ActiveCfg = Release|Any CPU
		{61744151-3771-9EDF-FCB3-C8507604625E}.Release|Any CPU.Build.0 = Release|Any CPU
		{72ADFCFE-0253-1300-3CDA-5B9492F7FD1B}.Debug|Any CPU.ActiveCfg = Debug|Any CPU
		{72ADFCFE-0253-1300-3CDA-5B9492F7FD1B}.Debug|Any CPU.Build.0 = Debug|Any CPU
		{72ADFCFE-0253-1300-3CDA-5B9492F7FD1B}.Release|Any CPU.ActiveCfg = Release|Any CPU
		{72ADFCFE-0253-1300-3CDA-5B9492F7FD1B}.Release|Any CPU.Build.0 = Release|Any CPU
		{FF5A405A-BCA3-F061-CAA5-41F1F90FA343}.Debug|Any CPU.ActiveCfg = Debug|Any CPU
		{FF5A405A-BCA3-F061-CAA5-41F1F90FA343}.Debug|Any CPU.Build.0 = Debug|Any CPU
		{FF5A405A-BCA3-F061-CAA5-41F1F90FA343}.Release|Any CPU.ActiveCfg = Release|Any CPU
		{FF5A405A-BCA3-F061-CAA5-41F1F90FA343}.Release|Any CPU.Build.0 = Release|Any CPU
		{A7A6ACC2-A13D-BC27-1CA4-9D7C3CD746A2}.Debug|Any CPU.ActiveCfg = Debug|Any CPU
		{A7A6ACC2-A13D-BC27-1CA4-9D7C3CD746A2}.Debug|Any CPU.Build.0 = Debug|Any CPU
		{A7A6ACC2-A13D-BC27-1CA4-9D7C3CD746A2}.Release|Any CPU.ActiveCfg = Release|Any CPU
		{A7A6ACC2-A13D-BC27-1CA4-9D7C3CD746A2}.Release|Any CPU.Build.0 = Release|Any CPU
		{28421B9A-0180-C3EB-915C-59631555C3B9}.Debug|Any CPU.ActiveCfg = Debug|Any CPU
		{28421B9A-0180-C3EB-915C-59631555C3B9}.Debug|Any CPU.Build.0 = Debug|Any CPU
		{28421B9A-0180-C3EB-915C-59631555C3B9}.Release|Any CPU.ActiveCfg = Release|Any CPU
		{28421B9A-0180-C3EB-915C-59631555C3B9}.Release|Any CPU.Build.0 = Release|Any CPU
		{1F619268-A80F-3493-4067-21D077D690FD}.Debug|Any CPU.ActiveCfg = Debug|Any CPU
		{1F619268-A80F-3493-4067-21D077D690FD}.Debug|Any CPU.Build.0 = Debug|Any CPU
		{1F619268-A80F-3493-4067-21D077D690FD}.Release|Any CPU.ActiveCfg = Release|Any CPU
		{1F619268-A80F-3493-4067-21D077D690FD}.Release|Any CPU.Build.0 = Release|Any CPU
		{15ADFCF2-639A-01F1-A612-418B27447C68}.Debug|Any CPU.ActiveCfg = Debug|Any CPU
		{15ADFCF2-639A-01F1-A612-418B27447C68}.Debug|Any CPU.Build.0 = Debug|Any CPU
		{15ADFCF2-639A-01F1-A612-418B27447C68}.Release|Any CPU.ActiveCfg = Release|Any CPU
		{15ADFCF2-639A-01F1-A612-418B27447C68}.Release|Any CPU.Build.0 = Release|Any CPU
		{5145DC89-E602-6D33-D8C9-89D838DCA5AA}.Debug|Any CPU.ActiveCfg = Debug|Any CPU
		{5145DC89-E602-6D33-D8C9-89D838DCA5AA}.Debug|Any CPU.Build.0 = Debug|Any CPU
		{5145DC89-E602-6D33-D8C9-89D838DCA5AA}.Release|Any CPU.ActiveCfg = Release|Any CPU
		{5145DC89-E602-6D33-D8C9-89D838DCA5AA}.Release|Any CPU.Build.0 = Release|Any CPU
		{1488DF9D-DEC2-D055-1D0D-0F68BDD849C4}.Debug|Any CPU.ActiveCfg = Debug|Any CPU
		{1488DF9D-DEC2-D055-1D0D-0F68BDD849C4}.Debug|Any CPU.Build.0 = Debug|Any CPU
		{1488DF9D-DEC2-D055-1D0D-0F68BDD849C4}.Release|Any CPU.ActiveCfg = Release|Any CPU
		{1488DF9D-DEC2-D055-1D0D-0F68BDD849C4}.Release|Any CPU.Build.0 = Release|Any CPU
		{96EB6541-B14F-1374-0828-EA18EDDDB197}.Debug|Any CPU.ActiveCfg = Debug|Any CPU
		{96EB6541-B14F-1374-0828-EA18EDDDB197}.Debug|Any CPU.Build.0 = Debug|Any CPU
		{96EB6541-B14F-1374-0828-EA18EDDDB197}.Release|Any CPU.ActiveCfg = Release|Any CPU
		{96EB6541-B14F-1374-0828-EA18EDDDB197}.Release|Any CPU.Build.0 = Release|Any CPU
		{206A0FB1-0F25-793F-EFC5-6FA98368068E}.Debug|Any CPU.ActiveCfg = Debug|Any CPU
		{206A0FB1-0F25-793F-EFC5-6FA98368068E}.Debug|Any CPU.Build.0 = Debug|Any CPU
		{206A0FB1-0F25-793F-EFC5-6FA98368068E}.Release|Any CPU.ActiveCfg = Release|Any CPU
		{206A0FB1-0F25-793F-EFC5-6FA98368068E}.Release|Any CPU.Build.0 = Release|Any CPU
		{2E9EE28F-3AAC-7B39-BBD8-21418378E0F5}.Debug|Any CPU.ActiveCfg = Debug|Any CPU
		{2E9EE28F-3AAC-7B39-BBD8-21418378E0F5}.Debug|Any CPU.Build.0 = Debug|Any CPU
		{2E9EE28F-3AAC-7B39-BBD8-21418378E0F5}.Release|Any CPU.ActiveCfg = Release|Any CPU
		{2E9EE28F-3AAC-7B39-BBD8-21418378E0F5}.Release|Any CPU.Build.0 = Release|Any CPU
		{781BDB66-0B96-B4DE-F08E-C7F8EED3097A}.Debug|Any CPU.ActiveCfg = Debug|Any CPU
		{781BDB66-0B96-B4DE-F08E-C7F8EED3097A}.Debug|Any CPU.Build.0 = Debug|Any CPU
		{781BDB66-0B96-B4DE-F08E-C7F8EED3097A}.Release|Any CPU.ActiveCfg = Release|Any CPU
		{781BDB66-0B96-B4DE-F08E-C7F8EED3097A}.Release|Any CPU.Build.0 = Release|Any CPU
		{2426AD59-701E-09E9-FA2B-4324CA25859A}.Debug|Any CPU.ActiveCfg = Debug|Any CPU
		{2426AD59-701E-09E9-FA2B-4324CA25859A}.Debug|Any CPU.Build.0 = Debug|Any CPU
		{2426AD59-701E-09E9-FA2B-4324CA25859A}.Release|Any CPU.ActiveCfg = Release|Any CPU
		{2426AD59-701E-09E9-FA2B-4324CA25859A}.Release|Any CPU.Build.0 = Release|Any CPU
		{D3B4BC73-3621-F3CB-9987-3B4EC3113EBD}.Debug|Any CPU.ActiveCfg = Debug|Any CPU
		{D3B4BC73-3621-F3CB-9987-3B4EC3113EBD}.Debug|Any CPU.Build.0 = Debug|Any CPU
		{D3B4BC73-3621-F3CB-9987-3B4EC3113EBD}.Release|Any CPU.ActiveCfg = Release|Any CPU
		{D3B4BC73-3621-F3CB-9987-3B4EC3113EBD}.Release|Any CPU.Build.0 = Release|Any CPU
		{86B4961B-45C2-8E42-A89C-B24FE4FD65D0}.Debug|Any CPU.ActiveCfg = Debug|Any CPU
		{86B4961B-45C2-8E42-A89C-B24FE4FD65D0}.Debug|Any CPU.Build.0 = Debug|Any CPU
		{86B4961B-45C2-8E42-A89C-B24FE4FD65D0}.Release|Any CPU.ActiveCfg = Release|Any CPU
		{86B4961B-45C2-8E42-A89C-B24FE4FD65D0}.Release|Any CPU.Build.0 = Release|Any CPU
		{680C8ABE-BB3A-8D1D-F344-269012A0F9D1}.Debug|Any CPU.ActiveCfg = Debug|Any CPU
		{680C8ABE-BB3A-8D1D-F344-269012A0F9D1}.Debug|Any CPU.Build.0 = Debug|Any CPU
		{680C8ABE-BB3A-8D1D-F344-269012A0F9D1}.Release|Any CPU.ActiveCfg = Release|Any CPU
		{680C8ABE-BB3A-8D1D-F344-269012A0F9D1}.Release|Any CPU.Build.0 = Release|Any CPU
		{B35F2504-68BE-D559-0A7F-5AD2720E38E8}.Debug|Any CPU.ActiveCfg = Debug|Any CPU
		{B35F2504-68BE-D559-0A7F-5AD2720E38E8}.Debug|Any CPU.Build.0 = Debug|Any CPU
		{B35F2504-68BE-D559-0A7F-5AD2720E38E8}.Release|Any CPU.ActiveCfg = Release|Any CPU
		{B35F2504-68BE-D559-0A7F-5AD2720E38E8}.Release|Any CPU.Build.0 = Release|Any CPU
		{4FD1ABEA-A454-78F8-798D-C89A86032D9A}.Debug|Any CPU.ActiveCfg = Debug|Any CPU
		{4FD1ABEA-A454-78F8-798D-C89A86032D9A}.Debug|Any CPU.Build.0 = Debug|Any CPU
		{4FD1ABEA-A454-78F8-798D-C89A86032D9A}.Release|Any CPU.ActiveCfg = Release|Any CPU
		{4FD1ABEA-A454-78F8-798D-C89A86032D9A}.Release|Any CPU.Build.0 = Release|Any CPU
		{51CCD26E-AC8B-05D3-4776-31CC25B36D24}.Debug|Any CPU.ActiveCfg = Debug|Any CPU
		{51CCD26E-AC8B-05D3-4776-31CC25B36D24}.Debug|Any CPU.Build.0 = Debug|Any CPU
		{51CCD26E-AC8B-05D3-4776-31CC25B36D24}.Release|Any CPU.ActiveCfg = Release|Any CPU
		{51CCD26E-AC8B-05D3-4776-31CC25B36D24}.Release|Any CPU.Build.0 = Release|Any CPU
		{894AD0F2-3235-D055-869B-C700CE9CBE3A}.Debug|Any CPU.ActiveCfg = Debug|Any CPU
		{894AD0F2-3235-D055-869B-C700CE9CBE3A}.Debug|Any CPU.Build.0 = Debug|Any CPU
		{894AD0F2-3235-D055-869B-C700CE9CBE3A}.Release|Any CPU.ActiveCfg = Release|Any CPU
		{894AD0F2-3235-D055-869B-C700CE9CBE3A}.Release|Any CPU.Build.0 = Release|Any CPU
		{E71FE95B-5F2D-823E-17A2-FFF0331B1F1C}.Debug|Any CPU.ActiveCfg = Debug|Any CPU
		{E71FE95B-5F2D-823E-17A2-FFF0331B1F1C}.Debug|Any CPU.Build.0 = Debug|Any CPU
		{E71FE95B-5F2D-823E-17A2-FFF0331B1F1C}.Release|Any CPU.ActiveCfg = Release|Any CPU
		{E71FE95B-5F2D-823E-17A2-FFF0331B1F1C}.Release|Any CPU.Build.0 = Release|Any CPU
		{C81AFAC1-3F88-A8DE-3D61-0E5BBAF44DD2}.Debug|Any CPU.ActiveCfg = Debug|Any CPU
		{C81AFAC1-3F88-A8DE-3D61-0E5BBAF44DD2}.Debug|Any CPU.Build.0 = Debug|Any CPU
		{C81AFAC1-3F88-A8DE-3D61-0E5BBAF44DD2}.Release|Any CPU.ActiveCfg = Release|Any CPU
		{C81AFAC1-3F88-A8DE-3D61-0E5BBAF44DD2}.Release|Any CPU.Build.0 = Release|Any CPU
		{66ADFAC4-E3F2-509D-0FE3-500388C0B6F3}.Debug|Any CPU.ActiveCfg = Debug|Any CPU
		{66ADFAC4-E3F2-509D-0FE3-500388C0B6F3}.Debug|Any CPU.Build.0 = Debug|Any CPU
		{66ADFAC4-E3F2-509D-0FE3-500388C0B6F3}.Release|Any CPU.ActiveCfg = Release|Any CPU
		{66ADFAC4-E3F2-509D-0FE3-500388C0B6F3}.Release|Any CPU.Build.0 = Release|Any CPU
		{D9694DD0-D6B1-5D7B-1EE8-CFED7E1D4691}.Debug|Any CPU.ActiveCfg = Debug|Any CPU
		{D9694DD0-D6B1-5D7B-1EE8-CFED7E1D4691}.Debug|Any CPU.Build.0 = Debug|Any CPU
		{D9694DD0-D6B1-5D7B-1EE8-CFED7E1D4691}.Release|Any CPU.ActiveCfg = Release|Any CPU
		{D9694DD0-D6B1-5D7B-1EE8-CFED7E1D4691}.Release|Any CPU.Build.0 = Release|Any CPU
		{3C8D0BA0-7AE9-1897-C7B0-65A429A43412}.Debug|Any CPU.ActiveCfg = Debug|Any CPU
		{3C8D0BA0-7AE9-1897-C7B0-65A429A43412}.Debug|Any CPU.Build.0 = Debug|Any CPU
		{3C8D0BA0-7AE9-1897-C7B0-65A429A43412}.Release|Any CPU.ActiveCfg = Release|Any CPU
		{3C8D0BA0-7AE9-1897-C7B0-65A429A43412}.Release|Any CPU.Build.0 = Release|Any CPU
		{79E110F9-96F0-D680-8A03-C04FEA763136}.Debug|Any CPU.ActiveCfg = Debug|Any CPU
		{79E110F9-96F0-D680-8A03-C04FEA763136}.Debug|Any CPU.Build.0 = Debug|Any CPU
		{79E110F9-96F0-D680-8A03-C04FEA763136}.Release|Any CPU.ActiveCfg = Release|Any CPU
		{79E110F9-96F0-D680-8A03-C04FEA763136}.Release|Any CPU.Build.0 = Release|Any CPU
		{8505A471-7E0D-8E6F-5CA3-2B226C47DDFA}.Debug|Any CPU.ActiveCfg = Debug|Any CPU
		{8505A471-7E0D-8E6F-5CA3-2B226C47DDFA}.Debug|Any CPU.Build.0 = Debug|Any CPU
		{8505A471-7E0D-8E6F-5CA3-2B226C47DDFA}.Release|Any CPU.ActiveCfg = Release|Any CPU
		{8505A471-7E0D-8E6F-5CA3-2B226C47DDFA}.Release|Any CPU.Build.0 = Release|Any CPU
		{629740B1-3291-5F14-42F8-A360CB4F41DD}.Debug|Any CPU.ActiveCfg = Debug|Any CPU
		{629740B1-3291-5F14-42F8-A360CB4F41DD}.Debug|Any CPU.Build.0 = Debug|Any CPU
		{629740B1-3291-5F14-42F8-A360CB4F41DD}.Release|Any CPU.ActiveCfg = Release|Any CPU
		{629740B1-3291-5F14-42F8-A360CB4F41DD}.Release|Any CPU.Build.0 = Release|Any CPU
		{47D013E5-2168-6F57-EE98-7B52E2DA3DF5}.Debug|Any CPU.ActiveCfg = Debug|Any CPU
		{47D013E5-2168-6F57-EE98-7B52E2DA3DF5}.Debug|Any CPU.Build.0 = Debug|Any CPU
		{47D013E5-2168-6F57-EE98-7B52E2DA3DF5}.Release|Any CPU.ActiveCfg = Release|Any CPU
		{47D013E5-2168-6F57-EE98-7B52E2DA3DF5}.Release|Any CPU.Build.0 = Release|Any CPU
		{50E0A505-71A6-5282-A408-052A4E166DC0}.Debug|Any CPU.ActiveCfg = Debug|Any CPU
		{50E0A505-71A6-5282-A408-052A4E166DC0}.Debug|Any CPU.Build.0 = Debug|Any CPU
		{50E0A505-71A6-5282-A408-052A4E166DC0}.Release|Any CPU.ActiveCfg = Release|Any CPU
		{50E0A505-71A6-5282-A408-052A4E166DC0}.Release|Any CPU.Build.0 = Release|Any CPU
		{D8A1D932-A506-96D9-37B6-6A44B919E01B}.Debug|Any CPU.ActiveCfg = Debug|Any CPU
		{D8A1D932-A506-96D9-37B6-6A44B919E01B}.Debug|Any CPU.Build.0 = Debug|Any CPU
		{D8A1D932-A506-96D9-37B6-6A44B919E01B}.Release|Any CPU.ActiveCfg = Release|Any CPU
		{D8A1D932-A506-96D9-37B6-6A44B919E01B}.Release|Any CPU.Build.0 = Release|Any CPU
		{4FB20D73-8CCB-DC8F-1F39-B26B6A48CDC0}.Debug|Any CPU.ActiveCfg = Debug|Any CPU
		{4FB20D73-8CCB-DC8F-1F39-B26B6A48CDC0}.Debug|Any CPU.Build.0 = Debug|Any CPU
		{4FB20D73-8CCB-DC8F-1F39-B26B6A48CDC0}.Release|Any CPU.ActiveCfg = Release|Any CPU
		{4FB20D73-8CCB-DC8F-1F39-B26B6A48CDC0}.Release|Any CPU.Build.0 = Release|Any CPU
		{43A29C1B-5133-5987-15B3-A5BD8C9586C8}.Debug|Any CPU.ActiveCfg = Debug|Any CPU
		{43A29C1B-5133-5987-15B3-A5BD8C9586C8}.Debug|Any CPU.Build.0 = Debug|Any CPU
		{43A29C1B-5133-5987-15B3-A5BD8C9586C8}.Release|Any CPU.ActiveCfg = Release|Any CPU
		{43A29C1B-5133-5987-15B3-A5BD8C9586C8}.Release|Any CPU.Build.0 = Release|Any CPU
		{C6A7E404-1E82-061E-52F3-044905314EEA}.Debug|Any CPU.ActiveCfg = Debug|Any CPU
		{C6A7E404-1E82-061E-52F3-044905314EEA}.Debug|Any CPU.Build.0 = Debug|Any CPU
		{C6A7E404-1E82-061E-52F3-044905314EEA}.Release|Any CPU.ActiveCfg = Release|Any CPU
		{C6A7E404-1E82-061E-52F3-044905314EEA}.Release|Any CPU.Build.0 = Release|Any CPU
	EndGlobalSection
	GlobalSection(SolutionProperties) = preSolution
		HideSolutionNode = FALSE
	EndGlobalSection
	GlobalSection(NestedProjects) = preSolution
		{02984CCD-0F4D-A586-B9D3-BC64F683E314} = {C7792615-C636-E98F-FAFA-EABE5B836470}
		{1DA92AFD-C8CC-016C-4F28-D0BE0F4D9A7B} = {C7792615-C636-E98F-FAFA-EABE5B836470}
		{65C6B0AF-F828-787F-5408-AA6BF650A82E} = {C7792615-C636-E98F-FAFA-EABE5B836470}
		{0355D5E4-D8C6-87E5-9D01-8E57783CDEBC} = {C7792615-C636-E98F-FAFA-EABE5B836470}
		{226E75B1-1D94-B3A4-C28D-1FC01FDE900C} = {C7792615-C636-E98F-FAFA-EABE5B836470}
		{96AEF22F-269C-1A7C-16C6-5C4CD98F0445} = {C7792615-C636-E98F-FAFA-EABE5B836470}
		{BD79DAD0-3ECF-05EC-0782-68AE409B9039} = {C7792615-C636-E98F-FAFA-EABE5B836470}
		{5E7F04E0-E620-84BE-1438-17C7A02C256C} = {C7792615-C636-E98F-FAFA-EABE5B836470}
		{04E06FE8-8BCD-656C-EBCE-0168D7FDEDF9} = {C7792615-C636-E98F-FAFA-EABE5B836470}
		{0E9FD34D-3F11-BF29-AA4A-7E89CA467EB2} = {C7792615-C636-E98F-FAFA-EABE5B836470}
		{C87D1530-C030-C0A4-C1B4-DFBA23DFCBAD} = {C7792615-C636-E98F-FAFA-EABE5B836470}
		{15188C7F-BE93-92C6-53B7-2A89F1EC6068} = {C7792615-C636-E98F-FAFA-EABE5B836470}
		{B4329446-236B-F41C-BFBA-3A9EF00BE682} = {C7792615-C636-E98F-FAFA-EABE5B836470}
		{E9167323-2FC1-6271-8CED-0509A25B5511} = {C7792615-C636-E98F-FAFA-EABE5B836470}
		{3AEF7099-0AAF-7BCC-C085-83DD9D4D3DF5} = {C7792615-C636-E98F-FAFA-EABE5B836470}
		{746CFF49-24D5-3B44-99F3-510128E6F3C4} = {C7792615-C636-E98F-FAFA-EABE5B836470}
		{A7DF2629-FE9E-BF66-54CA-A328059ED3FF} = {C7792615-C636-E98F-FAFA-EABE5B836470}
		{D878BB9F-B1DB-B5C0-A004-2801BCC02B05} = {C7792615-C636-E98F-FAFA-EABE5B836470}
		{117AF553-6A7F-74C9-4E01-AEE22EBB59DB} = {C7792615-C636-E98F-FAFA-EABE5B836470}
		{2692E389-9A46-FB4F-605C-3B73DD8EF360} = {C7792615-C636-E98F-FAFA-EABE5B836470}
		{E06AECFE-D1B7-B4D2-393B-8006DA174ACD} = {C7792615-C636-E98F-FAFA-EABE5B836470}
		{DB50F3BF-DC0B-1336-462C-55AA69F714B4} = {C7792615-C636-E98F-FAFA-EABE5B836470}
		{61744151-3771-9EDF-FCB3-C8507604625E} = {C7792615-C636-E98F-FAFA-EABE5B836470}
		{72ADFCFE-0253-1300-3CDA-5B9492F7FD1B} = {C7792615-C636-E98F-FAFA-EABE5B836470}
		{FF5A405A-BCA3-F061-CAA5-41F1F90FA343} = {C7792615-C636-E98F-FAFA-EABE5B836470}
		{A7A6ACC2-A13D-BC27-1CA4-9D7C3CD746A2} = {C7792615-C636-E98F-FAFA-EABE5B836470}
		{28421B9A-0180-C3EB-915C-59631555C3B9} = {C7792615-C636-E98F-FAFA-EABE5B836470}
		{1F619268-A80F-3493-4067-21D077D690FD} = {C7792615-C636-E98F-FAFA-EABE5B836470}
		{15ADFCF2-639A-01F1-A612-418B27447C68} = {C7792615-C636-E98F-FAFA-EABE5B836470}
		{5145DC89-E602-6D33-D8C9-89D838DCA5AA} = {C7792615-C636-E98F-FAFA-EABE5B836470}
		{1488DF9D-DEC2-D055-1D0D-0F68BDD849C4} = {C7792615-C636-E98F-FAFA-EABE5B836470}
		{96EB6541-B14F-1374-0828-EA18EDDDB197} = {C7792615-C636-E98F-FAFA-EABE5B836470}
		{206A0FB1-0F25-793F-EFC5-6FA98368068E} = {C7792615-C636-E98F-FAFA-EABE5B836470}
		{2E9EE28F-3AAC-7B39-BBD8-21418378E0F5} = {C7792615-C636-E98F-FAFA-EABE5B836470}
		{781BDB66-0B96-B4DE-F08E-C7F8EED3097A} = {C7792615-C636-E98F-FAFA-EABE5B836470}
		{2426AD59-701E-09E9-FA2B-4324CA25859A} = {C7792615-C636-E98F-FAFA-EABE5B836470}
		{D3B4BC73-3621-F3CB-9987-3B4EC3113EBD} = {C7792615-C636-E98F-FAFA-EABE5B836470}
		{86B4961B-45C2-8E42-A89C-B24FE4FD65D0} = {C7792615-C636-E98F-FAFA-EABE5B836470}
		{680C8ABE-BB3A-8D1D-F344-269012A0F9D1} = {C7792615-C636-E98F-FAFA-EABE5B836470}
		{B35F2504-68BE-D559-0A7F-5AD2720E38E8} = {C7792615-C636-E98F-FAFA-EABE5B836470}
		{4FD1ABEA-A454-78F8-798D-C89A86032D9A} = {C7792615-C636-E98F-FAFA-EABE5B836470}
		{51CCD26E-AC8B-05D3-4776-31CC25B36D24} = {C7792615-C636-E98F-FAFA-EABE5B836470}
		{894AD0F2-3235-D055-869B-C700CE9CBE3A} = {C7792615-C636-E98F-FAFA-EABE5B836470}
		{E71FE95B-5F2D-823E-17A2-FFF0331B1F1C} = {C7792615-C636-E98F-FAFA-EABE5B836470}
		{C81AFAC1-3F88-A8DE-3D61-0E5BBAF44DD2} = {C7792615-C636-E98F-FAFA-EABE5B836470}
		{66ADFAC4-E3F2-509D-0FE3-500388C0B6F3} = {C7792615-C636-E98F-FAFA-EABE5B836470}
		{D9694DD0-D6B1-5D7B-1EE8-CFED7E1D4691} = {C7792615-C636-E98F-FAFA-EABE5B836470}
		{3C8D0BA0-7AE9-1897-C7B0-65A429A43412} = {C7792615-C636-E98F-FAFA-EABE5B836470}
		{79E110F9-96F0-D680-8A03-C04FEA763136} = {C7792615-C636-E98F-FAFA-EABE5B836470}
		{8505A471-7E0D-8E6F-5CA3-2B226C47DDFA} = {C7792615-C636-E98F-FAFA-EABE5B836470}
		{629740B1-3291-5F14-42F8-A360CB4F41DD} = {C7792615-C636-E98F-FAFA-EABE5B836470}
		{47D013E5-2168-6F57-EE98-7B52E2DA3DF5} = {C7792615-C636-E98F-FAFA-EABE5B836470}
		{50E0A505-71A6-5282-A408-052A4E166DC0} = {C7792615-C636-E98F-FAFA-EABE5B836470}
		{D8A1D932-A506-96D9-37B6-6A44B919E01B} = {C7792615-C636-E98F-FAFA-EABE5B836470}
		{4FB20D73-8CCB-DC8F-1F39-B26B6A48CDC0} = {C7792615-C636-E98F-FAFA-EABE5B836470}
		{43A29C1B-5133-5987-15B3-A5BD8C9586C8} = {C7792615-C636-E98F-FAFA-EABE5B836470}
		{C6A7E404-1E82-061E-52F3-044905314EEA} = {C7792615-C636-E98F-FAFA-EABE5B836470}
	EndGlobalSection
	GlobalSection(ExtensibilityGlobals) = postSolution
		SolutionGuid = {B154FF83-FDC7-4ECB-81DE-0F3FA99ABCC3}
	EndGlobalSection
EndGlobal
